// !$*UTF8*$!
{
	archiveVersion = 1;
	classes = {
	};
	objectVersion = 77;
	objects = {

/* Begin PBXContainerItemProxy section */
		228422732D4F6BD60093BA45 /* PBXContainerItemProxy */ = {
			isa = PBXContainerItemProxy;
			containerPortal = 228422542D4F6BD20093BA45 /* Project object */;
			proxyType = 1;
			remoteGlobalIDString = 2284225B2D4F6BD20093BA45;
			remoteInfo = "Lesson 2.04";
		};
		2284227D2D4F6BD60093BA45 /* PBXContainerItemProxy */ = {
			isa = PBXContainerItemProxy;
			containerPortal = 228422542D4F6BD20093BA45 /* Project object */;
			proxyType = 1;
			remoteGlobalIDString = 2284225B2D4F6BD20093BA45;
			remoteInfo = "Lesson 2.04";
		};
/* End PBXContainerItemProxy section */

/* Begin PBXFileReference section */
		2284225C2D4F6BD20093BA45 /* Lesson 2.04.app */ = {isa = PBXFileReference; explicitFileType = wrapper.application; includeInIndex = 0; path = "Lesson 2.04.app"; sourceTree = BUILT_PRODUCTS_DIR; };
		228422722D4F6BD60093BA45 /* Lesson 2.04Tests.xctest */ = {isa = PBXFileReference; explicitFileType = wrapper.cfbundle; includeInIndex = 0; path = "Lesson 2.04Tests.xctest"; sourceTree = BUILT_PRODUCTS_DIR; };
		2284227C2D4F6BD60093BA45 /* Lesson 2.04UITests.xctest */ = {isa = PBXFileReference; explicitFileType = wrapper.cfbundle; includeInIndex = 0; path = "Lesson 2.04UITests.xctest"; sourceTree = BUILT_PRODUCTS_DIR; };
/* End PBXFileReference section */

/* Begin PBXFileSystemSynchronizedBuildFileExceptionSet section */
		228422842D4F6BD60093BA45 /* Exceptions for "Lesson 2.04" folder in "Lesson 2.04" target */ = {
			isa = PBXFileSystemSynchronizedBuildFileExceptionSet;
			membershipExceptions = (
				Info.plist,
			);
			target = 2284225B2D4F6BD20093BA45 /* Lesson 2.04 */;
		};
/* End PBXFileSystemSynchronizedBuildFileExceptionSet section */

/* Begin PBXFileSystemSynchronizedRootGroup section */
		2284225E2D4F6BD20093BA45 /* Lesson 2.04 */ = {
			isa = PBXFileSystemSynchronizedRootGroup;
			exceptions = (
				228422842D4F6BD60093BA45 /* Exceptions for "Lesson 2.04" folder in "Lesson 2.04" target */,
			);
			path = "Lesson 2.04";
			sourceTree = "<group>";
		};
		228422752D4F6BD60093BA45 /* Lesson 2.04Tests */ = {
			isa = PBXFileSystemSynchronizedRootGroup;
			path = "Lesson 2.04Tests";
			sourceTree = "<group>";
		};
		2284227F2D4F6BD60093BA45 /* Lesson 2.04UITests */ = {
			isa = PBXFileSystemSynchronizedRootGroup;
			path = "Lesson 2.04UITests";
			sourceTree = "<group>";
		};
/* End PBXFileSystemSynchronizedRootGroup section */

/* Begin PBXFrameworksBuildPhase section */
		228422592D4F6BD20093BA45 /* Frameworks */ = {
			isa = PBXFrameworksBuildPhase;
			buildActionMask = 2147483647;
			files = (
			);
			runOnlyForDeploymentPostprocessing = 0;
		};
		2284226F2D4F6BD60093BA45 /* Frameworks */ = {
			isa = PBXFrameworksBuildPhase;
			buildActionMask = 2147483647;
			files = (
			);
			runOnlyForDeploymentPostprocessing = 0;
		};
		228422792D4F6BD60093BA45 /* Frameworks */ = {
			isa = PBXFrameworksBuildPhase;
			buildActionMask = 2147483647;
			files = (
			);
			runOnlyForDeploymentPostprocessing = 0;
		};
/* End PBXFrameworksBuildPhase section */

/* Begin PBXGroup section */
		228422532D4F6BD20093BA45 = {
			isa = PBXGroup;
			children = (
				2284225E2D4F6BD20093BA45 /* Lesson 2.04 */,
				228422752D4F6BD60093BA45 /* Lesson 2.04Tests */,
				2284227F2D4F6BD60093BA45 /* Lesson 2.04UITests */,
				2284225D2D4F6BD20093BA45 /* Products */,
			);
			sourceTree = "<group>";
		};
		2284225D2D4F6BD20093BA45 /* Products */ = {
			isa = PBXGroup;
			children = (
				2284225C2D4F6BD20093BA45 /* Lesson 2.04.app */,
				228422722D4F6BD60093BA45 /* Lesson 2.04Tests.xctest */,
				2284227C2D4F6BD60093BA45 /* Lesson 2.04UITests.xctest */,
			);
			name = Products;
			sourceTree = "<group>";
		};
/* End PBXGroup section */

/* Begin PBXNativeTarget section */
		2284225B2D4F6BD20093BA45 /* Lesson 2.04 */ = {
			isa = PBXNativeTarget;
			buildConfigurationList = 228422852D4F6BD60093BA45 /* Build configuration list for PBXNativeTarget "Lesson 2.04" */;
			buildPhases = (
				228422582D4F6BD20093BA45 /* Sources */,
				228422592D4F6BD20093BA45 /* Frameworks */,
				2284225A2D4F6BD20093BA45 /* Resources */,
			);
			buildRules = (
			);
			dependencies = (
			);
			fileSystemSynchronizedGroups = (
				2284225E2D4F6BD20093BA45 /* Lesson 2.04 */,
			);
			name = "Lesson 2.04";
			packageProductDependencies = (
			);
			productName = "Lesson 2.04";
			productReference = 2284225C2D4F6BD20093BA45 /* Lesson 2.04.app */;
			productType = "com.apple.product-type.application";
		};
		228422712D4F6BD60093BA45 /* Lesson 2.04Tests */ = {
			isa = PBXNativeTarget;
			buildConfigurationList = 2284228A2D4F6BD60093BA45 /* Build configuration list for PBXNativeTarget "Lesson 2.04Tests" */;
			buildPhases = (
				2284226E2D4F6BD60093BA45 /* Sources */,
				2284226F2D4F6BD60093BA45 /* Frameworks */,
				228422702D4F6BD60093BA45 /* Resources */,
			);
			buildRules = (
			);
			dependencies = (
				228422742D4F6BD60093BA45 /* PBXTargetDependency */,
			);
			fileSystemSynchronizedGroups = (
				228422752D4F6BD60093BA45 /* Lesson 2.04Tests */,
			);
			name = "Lesson 2.04Tests";
			packageProductDependencies = (
			);
			productName = "Lesson 2.04Tests";
			productReference = 228422722D4F6BD60093BA45 /* Lesson 2.04Tests.xctest */;
			productType = "com.apple.product-type.bundle.unit-test";
		};
		2284227B2D4F6BD60093BA45 /* Lesson 2.04UITests */ = {
			isa = PBXNativeTarget;
			buildConfigurationList = 2284228D2D4F6BD60093BA45 /* Build configuration list for PBXNativeTarget "Lesson 2.04UITests" */;
			buildPhases = (
				228422782D4F6BD60093BA45 /* Sources */,
				228422792D4F6BD60093BA45 /* Frameworks */,
				2284227A2D4F6BD60093BA45 /* Resources */,
			);
			buildRules = (
			);
			dependencies = (
				2284227E2D4F6BD60093BA45 /* PBXTargetDependency */,
			);
			fileSystemSynchronizedGroups = (
				2284227F2D4F6BD60093BA45 /* Lesson 2.04UITests */,
			);
			name = "Lesson 2.04UITests";
			packageProductDependencies = (
			);
			productName = "Lesson 2.04UITests";
			productReference = 2284227C2D4F6BD60093BA45 /* Lesson 2.04UITests.xctest */;
			productType = "com.apple.product-type.bundle.ui-testing";
		};
/* End PBXNativeTarget section */

/* Begin PBXProject section */
		228422542D4F6BD20093BA45 /* Project object */ = {
			isa = PBXProject;
			attributes = {
				BuildIndependentTargetsInParallel = 1;
				LastSwiftUpdateCheck = 1620;
				LastUpgradeCheck = 1620;
				TargetAttributes = {
					2284225B2D4F6BD20093BA45 = {
						CreatedOnToolsVersion = 16.2;
					};
					228422712D4F6BD60093BA45 = {
						CreatedOnToolsVersion = 16.2;
						TestTargetID = 2284225B2D4F6BD20093BA45;
					};
					2284227B2D4F6BD60093BA45 = {
						CreatedOnToolsVersion = 16.2;
						TestTargetID = 2284225B2D4F6BD20093BA45;
					};
				};
			};
			buildConfigurationList = 228422572D4F6BD20093BA45 /* Build configuration list for PBXProject "Lesson 2.04" */;
			developmentRegion = en;
			hasScannedForEncodings = 0;
			knownRegions = (
				en,
				Base,
			);
			mainGroup = 228422532D4F6BD20093BA45;
			minimizedProjectReferenceProxies = 1;
			preferredProjectObjectVersion = 77;
			productRefGroup = 2284225D2D4F6BD20093BA45 /* Products */;
			projectDirPath = "";
			projectRoot = "";
			targets = (
				2284225B2D4F6BD20093BA45 /* Lesson 2.04 */,
				228422712D4F6BD60093BA45 /* Lesson 2.04Tests */,
				2284227B2D4F6BD60093BA45 /* Lesson 2.04UITests */,
			);
		};
/* End PBXProject section */

/* Begin PBXResourcesBuildPhase section */
		2284225A2D4F6BD20093BA45 /* Resources */ = {
			isa = PBXResourcesBuildPhase;
			buildActionMask = 2147483647;
			files = (
			);
			runOnlyForDeploymentPostprocessing = 0;
		};
		228422702D4F6BD60093BA45 /* Resources */ = {
			isa = PBXResourcesBuildPhase;
			buildActionMask = 2147483647;
			files = (
			);
			runOnlyForDeploymentPostprocessing = 0;
		};
		2284227A2D4F6BD60093BA45 /* Resources */ = {
			isa = PBXResourcesBuildPhase;
			buildActionMask = 2147483647;
			files = (
			);
			runOnlyForDeploymentPostprocessing = 0;
		};
/* End PBXResourcesBuildPhase section */

/* Begin PBXSourcesBuildPhase section */
		228422582D4F6BD20093BA45 /* Sources */ = {
			isa = PBXSourcesBuildPhase;
			buildActionMask = 2147483647;
			files = (
			);
			runOnlyForDeploymentPostprocessing = 0;
		};
		2284226E2D4F6BD60093BA45 /* Sources */ = {
			isa = PBXSourcesBuildPhase;
			buildActionMask = 2147483647;
			files = (
			);
			runOnlyForDeploymentPostprocessing = 0;
		};
		228422782D4F6BD60093BA45 /* Sources */ = {
			isa = PBXSourcesBuildPhase;
			buildActionMask = 2147483647;
			files = (
			);
			runOnlyForDeploymentPostprocessing = 0;
		};
/* End PBXSourcesBuildPhase section */

/* Begin PBXTargetDependency section */
		228422742D4F6BD60093BA45 /* PBXTargetDependency */ = {
			isa = PBXTargetDependency;
			target = 2284225B2D4F6BD20093BA45 /* Lesson 2.04 */;
			targetProxy = 228422732D4F6BD60093BA45 /* PBXContainerItemProxy */;
		};
		2284227E2D4F6BD60093BA45 /* PBXTargetDependency */ = {
			isa = PBXTargetDependency;
			target = 2284225B2D4F6BD20093BA45 /* Lesson 2.04 */;
			targetProxy = 2284227D2D4F6BD60093BA45 /* PBXContainerItemProxy */;
		};
/* End PBXTargetDependency section */

/* Begin XCBuildConfiguration section */
		228422862D4F6BD60093BA45 /* Debug */ = {
			isa = XCBuildConfiguration;
			buildSettings = {
				ASSETCATALOG_COMPILER_APPICON_NAME = AppIcon;
				ASSETCATALOG_COMPILER_GLOBAL_ACCENT_COLOR_NAME = AccentColor;
				CODE_SIGN_STYLE = Automatic;
				CURRENT_PROJECT_VERSION = 1;
				GENERATE_INFOPLIST_FILE = YES;
				INFOPLIST_FILE = "Lesson 2.04/Info.plist";
				INFOPLIST_KEY_UIApplicationSupportsIndirectInputEvents = YES;
				INFOPLIST_KEY_UILaunchStoryboardName = LaunchScreen;
				INFOPLIST_KEY_UIMainStoryboardFile = Main;
				INFOPLIST_KEY_UISupportedInterfaceOrientations_iPad = "UIInterfaceOrientationPortrait UIInterfaceOrientationPortraitUpsideDown UIInterfaceOrientationLandscapeLeft UIInterfaceOrientationLandscapeRight";
				INFOPLIST_KEY_UISupportedInterfaceOrientations_iPhone = "UIInterfaceOrientationPortrait UIInterfaceOrientationLandscapeLeft UIInterfaceOrientationLandscapeRight";
				LD_RUNPATH_SEARCH_PATHS = (
					"$(inherited)",
					"@executable_path/Frameworks",
				);
				MARKETING_VERSION = 1.0;
				PRODUCT_BUNDLE_IDENTIFIER = "Ilya-Feklin.Lesson-2-04";
				PRODUCT_NAME = "$(TARGET_NAME)";
				SWIFT_EMIT_LOC_STRINGS = YES;
				SWIFT_VERSION = 5.0;
				TARGETED_DEVICE_FAMILY = "1,2";
			};
			name = Debug;
		};
		228422872D4F6BD60093BA45 /* Release */ = {
			isa = XCBuildConfiguration;
			buildSettings = {
				ASSETCATALOG_COMPILER_APPICON_NAME = AppIcon;
				ASSETCATALOG_COMPILER_GLOBAL_ACCENT_COLOR_NAME = AccentColor;
				CODE_SIGN_STYLE = Automatic;
				CURRENT_PROJECT_VERSION = 1;
				GENERATE_INFOPLIST_FILE = YES;
				INFOPLIST_FILE = "Lesson 2.04/Info.plist";
				INFOPLIST_KEY_UIApplicationSupportsIndirectInputEvents = YES;
				INFOPLIST_KEY_UILaunchStoryboardName = LaunchScreen;
				INFOPLIST_KEY_UIMainStoryboardFile = Main;
				INFOPLIST_KEY_UISupportedInterfaceOrientations_iPad = "UIInterfaceOrientationPortrait UIInterfaceOrientationPortraitUpsideDown UIInterfaceOrientationLandscapeLeft UIInterfaceOrientationLandscapeRight";
				INFOPLIST_KEY_UISupportedInterfaceOrientations_iPhone = "UIInterfaceOrientationPortrait UIInterfaceOrientationLandscapeLeft UIInterfaceOrientationLandscapeRight";
				LD_RUNPATH_SEARCH_PATHS = (
					"$(inherited)",
					"@executable_path/Frameworks",
				);
				MARKETING_VERSION = 1.0;
				PRODUCT_BUNDLE_IDENTIFIER = "Ilya-Feklin.Lesson-2-04";
				PRODUCT_NAME = "$(TARGET_NAME)";
				SWIFT_EMIT_LOC_STRINGS = YES;
				SWIFT_VERSION = 5.0;
				TARGETED_DEVICE_FAMILY = "1,2";
			};
			name = Release;
		};
		228422882D4F6BD60093BA45 /* Debug */ = {
			isa = XCBuildConfiguration;
			buildSettings = {
				ALWAYS_SEARCH_USER_PATHS = NO;
				ASSETCATALOG_COMPILER_GENERATE_SWIFT_ASSET_SYMBOL_EXTENSIONS = YES;
				CLANG_ANALYZER_NONNULL = YES;
				CLANG_ANALYZER_NUMBER_OBJECT_CONVERSION = YES_AGGRESSIVE;
				CLANG_CXX_LANGUAGE_STANDARD = "gnu++20";
				CLANG_ENABLE_MODULES = YES;
				CLANG_ENABLE_OBJC_ARC = YES;
				CLANG_ENABLE_OBJC_WEAK = YES;
				CLANG_WARN_BLOCK_CAPTURE_AUTORELEASING = YES;
				CLANG_WARN_BOOL_CONVERSION = YES;
				CLANG_WARN_COMMA = YES;
				CLANG_WARN_CONSTANT_CONVERSION = YES;
				CLANG_WARN_DEPRECATED_OBJC_IMPLEMENTATIONS = YES;
				CLANG_WARN_DIRECT_OBJC_ISA_USAGE = YES_ERROR;
				CLANG_WARN_DOCUMENTATION_COMMENTS = YES;
				CLANG_WARN_EMPTY_BODY = YES;
				CLANG_WARN_ENUM_CONVERSION = YES;
				CLANG_WARN_INFINITE_RECURSION = YES;
				CLANG_WARN_INT_CONVERSION = YES;
				CLANG_WARN_NON_LITERAL_NULL_CONVERSION = YES;
				CLANG_WARN_OBJC_IMPLICIT_RETAIN_SELF = YES;
				CLANG_WARN_OBJC_LITERAL_CONVERSION = YES;
				CLANG_WARN_OBJC_ROOT_CLASS = YES_ERROR;
				CLANG_WARN_QUOTED_INCLUDE_IN_FRAMEWORK_HEADER = YES;
				CLANG_WARN_RANGE_LOOP_ANALYSIS = YES;
				CLANG_WARN_STRICT_PROTOTYPES = YES;
				CLANG_WARN_SUSPICIOUS_MOVE = YES;
				CLANG_WARN_UNGUARDED_AVAILABILITY = YES_AGGRESSIVE;
				CLANG_WARN_UNREACHABLE_CODE = YES;
				CLANG_WARN__DUPLICATE_METHOD_MATCH = YES;
				COPY_PHASE_STRIP = NO;
				DEBUG_INFORMATION_FORMAT = dwarf;
				ENABLE_STRICT_OBJC_MSGSEND = YES;
				ENABLE_TESTABILITY = YES;
				ENABLE_USER_SCRIPT_SANDBOXING = YES;
				GCC_C_LANGUAGE_STANDARD = gnu17;
				GCC_DYNAMIC_NO_PIC = NO;
				GCC_NO_COMMON_BLOCKS = YES;
				GCC_OPTIMIZATION_LEVEL = 0;
				GCC_PREPROCESSOR_DEFINITIONS = (
					"DEBUG=1",
					"$(inherited)",
				);
				GCC_WARN_64_TO_32_BIT_CONVERSION = YES;
				GCC_WARN_ABOUT_RETURN_TYPE = YES_ERROR;
				GCC_WARN_UNDECLARED_SELECTOR = YES;
				GCC_WARN_UNINITIALIZED_AUTOS = YES_AGGRESSIVE;
				GCC_WARN_UNUSED_FUNCTION = YES;
				GCC_WARN_UNUSED_VARIABLE = YES;
				IPHONEOS_DEPLOYMENT_TARGET = 18.2;
				LOCALIZATION_PREFERS_STRING_CATALOGS = YES;
				MTL_ENABLE_DEBUG_INFO = INCLUDE_SOURCE;
				MTL_FAST_MATH = YES;
				ONLY_ACTIVE_ARCH = YES;
				SDKROOT = iphoneos;
				SWIFT_ACTIVE_COMPILATION_CONDITIONS = "DEBUG $(inherited)";
				SWIFT_OPTIMIZATION_LEVEL = "-Onone";
			};
			name = Debug;
		};
		228422892D4F6BD60093BA45 /* Release */ = {
			isa = XCBuildConfiguration;
			buildSettings = {
				ALWAYS_SEARCH_USER_PATHS = NO;
				ASSETCATALOG_COMPILER_GENERATE_SWIFT_ASSET_SYMBOL_EXTENSIONS = YES;
				CLANG_ANALYZER_NONNULL = YES;
				CLANG_ANALYZER_NUMBER_OBJECT_CONVERSION = YES_AGGRESSIVE;
				CLANG_CXX_LANGUAGE_STANDARD = "gnu++20";
				CLANG_ENABLE_MODULES = YES;
				CLANG_ENABLE_OBJC_ARC = YES;
				CLANG_ENABLE_OBJC_WEAK = YES;
				CLANG_WARN_BLOCK_CAPTURE_AUTORELEASING = YES;
				CLANG_WARN_BOOL_CONVERSION = YES;
				CLANG_WARN_COMMA = YES;
				CLANG_WARN_CONSTANT_CONVERSION = YES;
				CLANG_WARN_DEPRECATED_OBJC_IMPLEMENTATIONS = YES;
				CLANG_WARN_DIRECT_OBJC_ISA_USAGE = YES_ERROR;
				CLANG_WARN_DOCUMENTATION_COMMENTS = YES;
				CLANG_WARN_EMPTY_BODY = YES;
				CLANG_WARN_ENUM_CONVERSION = YES;
				CLANG_WARN_INFINITE_RECURSION = YES;
				CLANG_WARN_INT_CONVERSION = YES;
				CLANG_WARN_NON_LITERAL_NULL_CONVERSION = YES;
				CLANG_WARN_OBJC_IMPLICIT_RETAIN_SELF = YES;
				CLANG_WARN_OBJC_LITERAL_CONVERSION = YES;
				CLANG_WARN_OBJC_ROOT_CLASS = YES_ERROR;
				CLANG_WARN_QUOTED_INCLUDE_IN_FRAMEWORK_HEADER = YES;
				CLANG_WARN_RANGE_LOOP_ANALYSIS = YES;
				CLANG_WARN_STRICT_PROTOTYPES = YES;
				CLANG_WARN_SUSPICIOUS_MOVE = YES;
				CLANG_WARN_UNGUARDED_AVAILABILITY = YES_AGGRESSIVE;
				CLANG_WARN_UNREACHABLE_CODE = YES;
				CLANG_WARN__DUPLICATE_METHOD_MATCH = YES;
				COPY_PHASE_STRIP = NO;
				DEBUG_INFORMATION_FORMAT = "dwarf-with-dsym";
				ENABLE_NS_ASSERTIONS = NO;
				ENABLE_STRICT_OBJC_MSGSEND = YES;
				ENABLE_USER_SCRIPT_SANDBOXING = YES;
				GCC_C_LANGUAGE_STANDARD = gnu17;
				GCC_NO_COMMON_BLOCKS = YES;
				GCC_WARN_64_TO_32_BIT_CONVERSION = YES;
				GCC_WARN_ABOUT_RETURN_TYPE = YES_ERROR;
				GCC_WARN_UNDECLARED_SELECTOR = YES;
				GCC_WARN_UNINITIALIZED_AUTOS = YES_AGGRESSIVE;
				GCC_WARN_UNUSED_FUNCTION = YES;
				GCC_WARN_UNUSED_VARIABLE = YES;
				IPHONEOS_DEPLOYMENT_TARGET = 18.2;
				LOCALIZATION_PREFERS_STRING_CATALOGS = YES;
				MTL_ENABLE_DEBUG_INFO = NO;
				MTL_FAST_MATH = YES;
				SDKROOT = iphoneos;
				SWIFT_COMPILATION_MODE = wholemodule;
				VALIDATE_PRODUCT = YES;
			};
			name = Release;
		};
		2284228B2D4F6BD60093BA45 /* Debug */ = {
			isa = XCBuildConfiguration;
			buildSettings = {
				BUNDLE_LOADER = "$(TEST_HOST)";
				CODE_SIGN_STYLE = Automatic;
				CURRENT_PROJECT_VERSION = 1;
				GENERATE_INFOPLIST_FILE = YES;
				IPHONEOS_DEPLOYMENT_TARGET = 18.2;
				MARKETING_VERSION = 1.0;
				PRODUCT_BUNDLE_IDENTIFIER = "Ilya-Feklin.Lesson-2-04Tests";
				PRODUCT_NAME = "$(TARGET_NAME)";
				SWIFT_EMIT_LOC_STRINGS = NO;
				SWIFT_VERSION = 5.0;
				TARGETED_DEVICE_FAMILY = "1,2";
				TEST_HOST = "$(BUILT_PRODUCTS_DIR)/Lesson 2.04.app/$(BUNDLE_EXECUTABLE_FOLDER_PATH)/Lesson 2.04";
			};
			name = Debug;
		};
		2284228C2D4F6BD60093BA45 /* Release */ = {
			isa = XCBuildConfiguration;
			buildSettings = {
				BUNDLE_LOADER = "$(TEST_HOST)";
				CODE_SIGN_STYLE = Automatic;
				CURRENT_PROJECT_VERSION = 1;
				GENERATE_INFOPLIST_FILE = YES;
				IPHONEOS_DEPLOYMENT_TARGET = 18.2;
				MARKETING_VERSION = 1.0;
				PRODUCT_BUNDLE_IDENTIFIER = "Ilya-Feklin.Lesson-2-04Tests";
				PRODUCT_NAME = "$(TARGET_NAME)";
				SWIFT_EMIT_LOC_STRINGS = NO;
				SWIFT_VERSION = 5.0;
				TARGETED_DEVICE_FAMILY = "1,2";
				TEST_HOST = "$(BUILT_PRODUCTS_DIR)/Lesson 2.04.app/$(BUNDLE_EXECUTABLE_FOLDER_PATH)/Lesson 2.04";
			};
			name = Release;
		};
		2284228E2D4F6BD60093BA45 /* Debug */ = {
			isa = XCBuildConfiguration;
			buildSettings = {
				CODE_SIGN_STYLE = Automatic;
				CURRENT_PROJECT_VERSION = 1;
				GENERATE_INFOPLIST_FILE = YES;
				MARKETING_VERSION = 1.0;
				PRODUCT_BUNDLE_IDENTIFIER = "Ilya-Feklin.Lesson-2-04UITests";
				PRODUCT_NAME = "$(TARGET_NAME)";
				SWIFT_EMIT_LOC_STRINGS = NO;
				SWIFT_VERSION = 5.0;
				TARGETED_DEVICE_FAMILY = "1,2";
				TEST_TARGET_NAME = "Lesson 2.04";
			};
			name = Debug;
		};
		2284228F2D4F6BD60093BA45 /* Release */ = {
			isa = XCBuildConfiguration;
			buildSettings = {
				CODE_SIGN_STYLE = Automatic;
				CURRENT_PROJECT_VERSION = 1;
				GENERATE_INFOPLIST_FILE = YES;
				MARKETING_VERSION = 1.0;
				PRODUCT_BUNDLE_IDENTIFIER = "Ilya-Feklin.Lesson-2-04UITests";
				PRODUCT_NAME = "$(TARGET_NAME)";
				SWIFT_EMIT_LOC_STRINGS = NO;
				SWIFT_VERSION = 5.0;
				TARGETED_DEVICE_FAMILY = "1,2";
				TEST_TARGET_NAME = "Lesson 2.04";
			};
			name = Release;
		};
/* End XCBuildConfiguration section */

/* Begin XCConfigurationList section */
		228422572D4F6BD20093BA45 /* Build configuration list for PBXProject "Lesson 2.04" */ = {
			isa = XCConfigurationList;
			buildConfigurations = (
				228422882D4F6BD60093BA45 /* Debug */,
				228422892D4F6BD60093BA45 /* Release */,
			);
			defaultConfigurationIsVisible = 0;
			defaultConfigurationName = Release;
		};
		228422852D4F6BD60093BA45 /* Build configuration list for PBXNativeTarget "Lesson 2.04" */ = {
			isa = XCConfigurationList;
			buildConfigurations = (
				228422862D4F6BD60093BA45 /* Debug */,
				228422872D4F6BD60093BA45 /* Release */,
			);
			defaultConfigurationIsVisible = 0;
			defaultConfigurationName = Release;
		};
		2284228A2D4F6BD60093BA45 /* Build configuration list for PBXNativeTarget "Lesson 2.04Tests" */ = {
			isa = XCConfigurationList;
			buildConfigurations = (
				2284228B2D4F6BD60093BA45 /* Debug */,
				2284228C2D4F6BD60093BA45 /* Release */,
			);
			defaultConfigurationIsVisible = 0;
			defaultConfigurationName = Release;
		};
		2284228D2D4F6BD60093BA45 /* Build configuration list for PBXNativeTarget "Lesson 2.04UITests" */ = {
			isa = XCConfigurationList;
			buildConfigurations = (
				2284228E2D4F6BD60093BA45 /* Debug */,
				2284228F2D4F6BD60093BA45 /* Release */,
			);
			defaultConfigurationIsVisible = 0;
			defaultConfigurationName = Release;
		};
/* End XCConfigurationList section */
	};
	rootObject = 228422542D4F6BD20093BA45 /* Project object */;
}
